
Microsoft Visual Studio Solution File, Format Version 12.00
# Visual Studio Version 17
VisualStudioVersion = 17.11.35312.102
MinimumVisualStudioVersion = 10.0.40219.1
Project("{FAE04EC0-301F-11D3-BF4B-00C04F79EFBC}") = "GUI_CW v1.0", "GUI_CW v1.0.csproj", "{695A9CF3-3FE1-43F2-A4BB-BF3861C8553A}"
EndProject
Global
	GlobalSection(SolutionConfigurationPlatforms) = preSolution
		Debug|Any CPU = Debug|Any CPU
		Release|Any CPU = Release|Any CPU
	EndGlobalSection
	GlobalSection(ProjectConfigurationPlatforms) = postSolution
		{695A9CF3-3FE1-43F2-A4BB-BF3861C8553A}.Debug|Any CPU.ActiveCfg = Debug|Any CPU
		{695A9CF3-3FE1-43F2-A4BB-BF3861C8553A}.Debug|Any CPU.Build.0 = Debug|Any CPU
		{695A9CF3-3FE1-43F2-A4BB-BF3861C8553A}.Release|Any CPU.ActiveCfg = Release|Any CPU
		{695A9CF3-3FE1-43F2-A4BB-BF3861C8553A}.Release|Any CPU.Build.0 = Release|Any CPU
	EndGlobalSection
	GlobalSection(SolutionProperties) = preSolution
		HideSolutionNode = FALSE
	EndGlobalSection
	GlobalSection(ExtensibilityGlobals) = postSolution
		SolutionGuid = {A6DA8243-A5C6-4E85-8B55-88950D656FE0}
	EndGlobalSection
EndGlobal
